{
  "requires": true,
  "lockfileVersion": 1,
  "dependencies": {
    "@3dweb/360javascriptviewer": {
      "version": "1.8.24",
      "resolved": "https://registry.npmjs.org/@3dweb/360javascriptviewer/-/360javascriptviewer-1.8.24.tgz",
      "integrity": "sha512-3r5rrQLxSEGUwhQzAp9EVv1Z6HJBo/pNLlteVV8viFrB2piY9Nd1OTlFmTIP501vuJy/Dl/G35aJXE6vCBBL2A==",
      "requires": {
        "@panzoom/panzoom": "^4.3.2",
        "@types/parse-color": "^1.0.0",
        "get-user-locale": "^1.4.0",
        "greenlet": "^1.1.0",
        "parse-color": "^1.0.0",
        "ts-event-bus": "^2.1.3"
      }
    },
    "@panzoom/panzoom": {
      "version": "4.5.1",
      "resolved": "https://registry.npmjs.org/@panzoom/panzoom/-/panzoom-4.5.1.tgz",
      "integrity": "sha512-QOr/t7314XTwgAUDazR+RDcTAWSbkpjDnZJddd9f56jSUA8ptUsyDblAb+sp/O5O1o5Fiu9KpWxVHKuhGUgp5w=="
    },
    "@types/parse-color": {
      "version": "1.0.1",
      "resolved": "https://registry.npmjs.org/@types/parse-color/-/parse-color-1.0.1.tgz",
      "integrity": "sha512-IEWhURMWTsse+MWUsebpmHw1yS0hI/yFxO4kY12Rh0MzW/AUbuk1cc6GlWUCRTEYtXuW6M0rP8Q8IDZY/YGX0Q=="
    },
    "color-convert": {
      "version": "0.5.3",
      "resolved": "https://registry.npmjs.org/color-convert/-/color-convert-0.5.3.tgz",
      "integrity": "sha512-RwBeO/B/vZR3dfKL1ye/vx8MHZ40ugzpyfeVG5GsiuGnrlMWe2o8wxBbLCpw9CsxV+wHuzYlCiWnybrIA0ling=="
    },
    "get-user-locale": {
      "version": "1.5.1",
      "resolved": "https://registry.npmjs.org/get-user-locale/-/get-user-locale-1.5.1.tgz",
      "integrity": "sha512-WiNpoFRcHn1qxP9VabQljzGwkAQDrcpqUtaP0rNBEkFxJdh4f3tik6MfZsMYZc+UgQJdGCxWEjL9wnCUlRQXag==",
      "requires": {
        "lodash.memoize": "^4.1.1"
      }
    },
    "greenlet": {
      "version": "1.1.0",
      "resolved": "https://registry.npmjs.org/greenlet/-/greenlet-1.1.0.tgz",
      "integrity": "sha512-W/kKzq7ZSF/LFItIjaSaccw8L6js+9SMSS5buXZs/Td7qZAT91Kd0LTxuUjSWDwuyv4MPo/fhZdkRLV1zsuClg=="
    },
    "lodash.memoize": {
      "version": "4.1.2",
      "resolved": "https://registry.npmjs.org/lodash.memoize/-/lodash.memoize-4.1.2.tgz",
      "integrity": "sha512-t7j+NzmgnQzTAYXcsHYLgimltOV1MXHtlOWf6GjL9Kj8GK5FInw5JotxvbOs+IvV1/Dzo04/fCGfLVs7aXb4Ag=="
    },
    "parse-color": {
      "version": "1.0.0",
      "resolved": "https://registry.npmjs.org/parse-color/-/parse-color-1.0.0.tgz",
      "integrity": "sha512-fuDHYgFHJGbpGMgw9skY/bj3HL/Jrn4l/5rSspy00DoT4RyLnDcRvPxdZ+r6OFwIsgAuhDh4I09tAId4mI12bw==",
      "requires": {
        "color-convert": "~0.5.0"
      }
    },
    "ts-event-bus": {
      "version": "2.1.3",
      "resolved": "https://registry.npmjs.org/ts-event-bus/-/ts-event-bus-2.1.3.tgz",
      "integrity": "sha512-HrAA0uzkRygBh7GgQp9lbo17vCYUbue0nrd0zHeltVvS/hWJBK5kyNcKhdgJUIbWRuKypYRAznhcSXmRzVlSPQ=="
    }
  }
}
